
Microsoft Visual Studio Solution File, Format Version 12.00
# Visual Studio Version 16
VisualStudioVersion = 16.0.30320.27
MinimumVisualStudioVersion = 10.0.40219.1
Project("{FAE04EC0-301F-11D3-BF4B-00C04F79EFBC}") = "NUMC", "NUMC\NUMC.csproj", "{C3AB2BBE-5499-4C6D-B319-A6E9DDE94450}"
EndProject
Project("{2150E333-8FDC-42A3-9474-1A3956D46DE8}") = "Other", "Other", "{6F78A50C-CF28-4CC6-B748-DAF0C4C00776}"
	ProjectSection(SolutionItems) = preProject
		.gitignore = .gitignore
		LICENSE = LICENSE
		README.md = README.md
		Updates.json = Updates.json
		Updates.old.json = Updates.old.json
	EndProjectSection
EndProject
Project("{FAE04EC0-301F-11D3-BF4B-00C04F79EFBC}") = "TestPlugin", "Other\TestPlugin\TestPlugin.csproj", "{B115A1A3-954E-4701-AD62-DF7D6E749C7C}"
EndProject
Project("{FAE04EC0-301F-11D3-BF4B-00C04F79EFBC}") = "TestProgram", "Other\TestProgram\TestProgram.csproj", "{1E3BB1A6-AE1A-4973-8BA1-FF8CF8C32A9E}"
EndProject
Global
	GlobalSection(SolutionConfigurationPlatforms) = preSolution
		Debug|Any CPU = Debug|Any CPU
		Release|Any CPU = Release|Any CPU
	EndGlobalSection
	GlobalSection(ProjectConfigurationPlatforms) = postSolution
		{C3AB2BBE-5499-4C6D-B319-A6E9DDE94450}.Debug|Any CPU.ActiveCfg = Debug|Any CPU
		{C3AB2BBE-5499-4C6D-B319-A6E9DDE94450}.Debug|Any CPU.Build.0 = Debug|Any CPU
		{C3AB2BBE-5499-4C6D-B319-A6E9DDE94450}.Release|Any CPU.ActiveCfg = Release|Any CPU
		{C3AB2BBE-5499-4C6D-B319-A6E9DDE94450}.Release|Any CPU.Build.0 = Release|Any CPU
		{B115A1A3-954E-4701-AD62-DF7D6E749C7C}.Debug|Any CPU.ActiveCfg = Debug|Any CPU
		{B115A1A3-954E-4701-AD62-DF7D6E749C7C}.Debug|Any CPU.Build.0 = Debug|Any CPU
		{B115A1A3-954E-4701-AD62-DF7D6E749C7C}.Release|Any CPU.ActiveCfg = Release|Any CPU
		{B115A1A3-954E-4701-AD62-DF7D6E749C7C}.Release|Any CPU.Build.0 = Release|Any CPU
		{1E3BB1A6-AE1A-4973-8BA1-FF8CF8C32A9E}.Debug|Any CPU.ActiveCfg = Debug|Any CPU
		{1E3BB1A6-AE1A-4973-8BA1-FF8CF8C32A9E}.Debug|Any CPU.Build.0 = Debug|Any CPU
		{1E3BB1A6-AE1A-4973-8BA1-FF8CF8C32A9E}.Release|Any CPU.ActiveCfg = Release|Any CPU
		{1E3BB1A6-AE1A-4973-8BA1-FF8CF8C32A9E}.Release|Any CPU.Build.0 = Release|Any CPU
	EndGlobalSection
	GlobalSection(SolutionProperties) = preSolution
		HideSolutionNode = FALSE
	EndGlobalSection
	GlobalSection(ExtensibilityGlobals) = postSolution
		SolutionGuid = {14773DE4-0FB2-493E-8107-9E6AA76068B9}
	EndGlobalSection
EndGlobal
